
Microsoft Visual Studio Solution File, Format Version 12.00
# Visual Studio Version 17
VisualStudioVersion = 17.0.32002.185
MinimumVisualStudioVersion = 10.0.40219.1
Project("{9A19103F-16F7-4668-BE54-9A1E7A4F7556}") = "WebApp", "WebApp\WebApp.csproj", "{C6F3C5E4-2AB8-421B-B36A-313A63F260BC}"
EndProject
Project("{9A19103F-16F7-4668-BE54-9A1E7A4F7556}") = "UseCases", "UseCases\UseCases.csproj", "{23C74096-6D30-49CD-9B42-FCD536B28D62}"
EndProject
Project("{9A19103F-16F7-4668-BE54-9A1E7A4F7556}") = "CoreBusiness", "CoreBusiness\CoreBusiness.csproj", "{8AA6553C-5415-43B0-A35B-94055BD1D894}"
EndProject
Project("{9A19103F-16F7-4668-BE54-9A1E7A4F7556}") = "Plugins.DataStore.InMemory", "Plugins.DataStore.InMemory\Plugins.DataStore.InMemory.csproj", "{8215731C-3D10-46AA-B3CE-4A2350E1FDE1}"
EndProject
Project("{FAE04EC0-301F-11D3-BF4B-00C04F79EFBC}") = "Plugins.DataStore.SQL", "Plugins.DataStore.SQL\Plugins.DataStore.SQL.csproj", "{4F05A309-22C7-458D-869D-E661040E14A0}"
EndProject
Global
	GlobalSection(SolutionConfigurationPlatforms) = preSolution
		Debug|Any CPU = Debug|Any CPU
		Release|Any CPU = Release|Any CPU
	EndGlobalSection
	GlobalSection(ProjectConfigurationPlatforms) = postSolution
		{C6F3C5E4-2AB8-421B-B36A-313A63F260BC}.Debug|Any CPU.ActiveCfg = Debug|Any CPU
		{C6F3C5E4-2AB8-421B-B36A-313A63F260BC}.Debug|Any CPU.Build.0 = Debug|Any CPU
		{C6F3C5E4-2AB8-421B-B36A-313A63F260BC}.Release|Any CPU.ActiveCfg = Release|Any CPU
		{C6F3C5E4-2AB8-421B-B36A-313A63F260BC}.Release|Any CPU.Build.0 = Release|Any CPU
		{23C74096-6D30-49CD-9B42-FCD536B28D62}.Debug|Any CPU.ActiveCfg = Debug|Any CPU
		{23C74096-6D30-49CD-9B42-FCD536B28D62}.Debug|Any CPU.Build.0 = Debug|Any CPU
		{23C74096-6D30-49CD-9B42-FCD536B28D62}.Release|Any CPU.ActiveCfg = Release|Any CPU
		{23C74096-6D30-49CD-9B42-FCD536B28D62}.Release|Any CPU.Build.0 = Release|Any CPU
		{8AA6553C-5415-43B0-A35B-94055BD1D894}.Debug|Any CPU.ActiveCfg = Debug|Any CPU
		{8AA6553C-5415-43B0-A35B-94055BD1D894}.Debug|Any CPU.Build.0 = Debug|Any CPU
		{8AA6553C-5415-43B0-A35B-94055BD1D894}.Release|Any CPU.ActiveCfg = Release|Any CPU
		{8AA6553C-5415-43B0-A35B-94055BD1D894}.Release|Any CPU.Build.0 = Release|Any CPU
		{8215731C-3D10-46AA-B3CE-4A2350E1FDE1}.Debug|Any CPU.ActiveCfg = Debug|Any CPU
		{8215731C-3D10-46AA-B3CE-4A2350E1FDE1}.Debug|Any CPU.Build.0 = Debug|Any CPU
		{8215731C-3D10-46AA-B3CE-4A2350E1FDE1}.Release|Any CPU.ActiveCfg = Release|Any CPU
		{8215731C-3D10-46AA-B3CE-4A2350E1FDE1}.Release|Any CPU.Build.0 = Release|Any CPU
		{4F05A309-22C7-458D-869D-E661040E14A0}.Debug|Any CPU.ActiveCfg = Debug|Any CPU
		{4F05A309-22C7-458D-869D-E661040E14A0}.Debug|Any CPU.Build.0 = Debug|Any CPU
		{4F05A309-22C7-458D-869D-E661040E14A0}.Release|Any CPU.ActiveCfg = Release|Any CPU
		{4F05A309-22C7-458D-869D-E661040E14A0}.Release|Any CPU.Build.0 = Release|Any CPU
	EndGlobalSection
	GlobalSection(SolutionProperties) = preSolution
		HideSolutionNode = FALSE
	EndGlobalSection
	GlobalSection(ExtensibilityGlobals) = postSolution
		SolutionGuid = {242214BD-53A7-4A00-ABBD-A77F9AD367BA}
	EndGlobalSection
EndGlobal
